
Microsoft Visual Studio Solution File, Format Version 12.00
# Visual Studio Version 16
VisualStudioVersion = 16.0.32901.82
MinimumVisualStudioVersion = 10.0.40219.1
Project("{FAE04EC0-301F-11D3-BF4B-00C04F79EFBC}") = "lab_stack", "lab_stack\lab_stack.csproj", "{90897C59-9027-4A18-9F55-B76C912E0014}"
EndProject
Global
	GlobalSection(SolutionConfigurationPlatforms) = preSolution
		Debug|Any CPU = Debug|Any CPU
		Release|Any CPU = Release|Any CPU
	EndGlobalSection
	GlobalSection(ProjectConfigurationPlatforms) = postSolution
		{90897C59-9027-4A18-9F55-B76C912E0014}.Debug|Any CPU.ActiveCfg = Debug|Any CPU
		{90897C59-9027-4A18-9F55-B76C912E0014}.Debug|Any CPU.Build.0 = Debug|Any CPU
		{90897C59-9027-4A18-9F55-B76C912E0014}.Release|Any CPU.ActiveCfg = Release|Any CPU
		{90897C59-9027-4A18-9F55-B76C912E0014}.Release|Any CPU.Build.0 = Release|Any CPU
	EndGlobalSection
	GlobalSection(SolutionProperties) = preSolution
		HideSolutionNode = FALSE
	EndGlobalSection
	GlobalSection(ExtensibilityGlobals) = postSolution
		SolutionGuid = {E6A02814-9DB1-4009-9384-143444DEE252}
	EndGlobalSection
EndGlobal
